
Microsoft Visual Studio Solution File, Format Version 12.00
# Visual Studio 15
Project("{FAE04EC0-301F-11D3-BF4B-00C04F79EFBC}") = "Project02", "Project02\Project02.csproj", "{8D90F2C4-51C9-46D6-97BC-FEC394FD6CD7}"
EndProject
Global
	GlobalSection(SolutionConfigurationPlatforms) = preSolution
		Debug|Any CPU = Debug|Any CPU
		Release|Any CPU = Release|Any CPU
	EndGlobalSection
	GlobalSection(ProjectConfigurationPlatforms) = postSolution
		{8D90F2C4-51C9-46D6-97BC-FEC394FD6CD7}.Debug|Any CPU.ActiveCfg = Debug|Any CPU
		{8D90F2C4-51C9-46D6-97BC-FEC394FD6CD7}.Debug|Any CPU.Build.0 = Debug|Any CPU
		{8D90F2C4-51C9-46D6-97BC-FEC394FD6CD7}.Release|Any CPU.ActiveCfg = Release|Any CPU
		{8D90F2C4-51C9-46D6-97BC-FEC394FD6CD7}.Release|Any CPU.Build.0 = Release|Any CPU
	EndGlobalSection
EndGlobal
